
Microsoft Visual Studio Solution File, Format Version 12.00
# Visual Studio Version 16
VisualStudioVersion = 16.0.30114.105
MinimumVisualStudioVersion = 10.0.40219.1
Project("{FAE04EC0-301F-11D3-BF4B-00C04F79EFBC}") = "API", "API\API.csproj", "{02B999AE-2C9E-4F81-9FC2-F8B12C62AD89}"
EndProject
Project("{FAE04EC0-301F-11D3-BF4B-00C04F79EFBC}") = "Application", "Application\Application.csproj", "{29694093-17FF-4B41-9AC1-211E08207B15}"
EndProject
Project("{FAE04EC0-301F-11D3-BF4B-00C04F79EFBC}") = "Persistence", "Persistence\Persistence.csproj", "{AD62AEDE-5B3F-4C75-BA26-6325445B7475}"
EndProject
Project("{FAE04EC0-301F-11D3-BF4B-00C04F79EFBC}") = "Domain", "Domain\Domain.csproj", "{F30B5270-02F9-440E-A61D-6B599915C627}"
EndProject
Global
	GlobalSection(SolutionConfigurationPlatforms) = preSolution
		Debug|Any CPU = Debug|Any CPU
		Release|Any CPU = Release|Any CPU
	EndGlobalSection
	GlobalSection(SolutionProperties) = preSolution
		HideSolutionNode = FALSE
	EndGlobalSection
	GlobalSection(ProjectConfigurationPlatforms) = postSolution
		{02B999AE-2C9E-4F81-9FC2-F8B12C62AD89}.Debug|Any CPU.ActiveCfg = Debug|Any CPU
		{02B999AE-2C9E-4F81-9FC2-F8B12C62AD89}.Debug|Any CPU.Build.0 = Debug|Any CPU
		{02B999AE-2C9E-4F81-9FC2-F8B12C62AD89}.Release|Any CPU.ActiveCfg = Release|Any CPU
		{02B999AE-2C9E-4F81-9FC2-F8B12C62AD89}.Release|Any CPU.Build.0 = Release|Any CPU
		{29694093-17FF-4B41-9AC1-211E08207B15}.Debug|Any CPU.ActiveCfg = Debug|Any CPU
		{29694093-17FF-4B41-9AC1-211E08207B15}.Debug|Any CPU.Build.0 = Debug|Any CPU
		{29694093-17FF-4B41-9AC1-211E08207B15}.Release|Any CPU.ActiveCfg = Release|Any CPU
		{29694093-17FF-4B41-9AC1-211E08207B15}.Release|Any CPU.Build.0 = Release|Any CPU
		{AD62AEDE-5B3F-4C75-BA26-6325445B7475}.Debug|Any CPU.ActiveCfg = Debug|Any CPU
		{AD62AEDE-5B3F-4C75-BA26-6325445B7475}.Debug|Any CPU.Build.0 = Debug|Any CPU
		{AD62AEDE-5B3F-4C75-BA26-6325445B7475}.Release|Any CPU.ActiveCfg = Release|Any CPU
		{AD62AEDE-5B3F-4C75-BA26-6325445B7475}.Release|Any CPU.Build.0 = Release|Any CPU
		{F30B5270-02F9-440E-A61D-6B599915C627}.Debug|Any CPU.ActiveCfg = Debug|Any CPU
		{F30B5270-02F9-440E-A61D-6B599915C627}.Debug|Any CPU.Build.0 = Debug|Any CPU
		{F30B5270-02F9-440E-A61D-6B599915C627}.Release|Any CPU.ActiveCfg = Release|Any CPU
		{F30B5270-02F9-440E-A61D-6B599915C627}.Release|Any CPU.Build.0 = Release|Any CPU
	EndGlobalSection
EndGlobal
